
Microsoft Visual Studio Solution File, Format Version 12.00
# Visual Studio 15
VisualStudioVersion = 15.0.27703.2047
MinimumVisualStudioVersion = 10.0.40219.1
Project("{E24C65DC-7377-472B-9ABA-BC803B73C61A}") = "ui", "ui\", "{49758ED4-DBD3-43BC-9D7A-03F6A6E39C9F}"
	ProjectSection(WebsiteProperties) = preProject
		TargetFrameworkMoniker = ".NETFramework,Version%3Dv4.0"
		Debug.AspNetCompiler.VirtualPath = "/localhost_50035"
		Debug.AspNetCompiler.PhysicalPath = "ui\"
		Debug.AspNetCompiler.TargetPath = "PrecompiledWeb\localhost_50035\"
		Debug.AspNetCompiler.Updateable = "true"
		Debug.AspNetCompiler.ForceOverwrite = "true"
		Debug.AspNetCompiler.FixedNames = "false"
		Debug.AspNetCompiler.Debug = "True"
		Release.AspNetCompiler.VirtualPath = "/localhost_50035"
		Release.AspNetCompiler.PhysicalPath = "ui\"
		Release.AspNetCompiler.TargetPath = "PrecompiledWeb\localhost_50035\"
		Release.AspNetCompiler.Updateable = "true"
		Release.AspNetCompiler.ForceOverwrite = "true"
		Release.AspNetCompiler.FixedNames = "false"
		Release.AspNetCompiler.Debug = "False"
		VWDPort = "50035"
		SlnRelativePath = "ui\"
	EndProjectSection
EndProject
Project("{FAE04EC0-301F-11D3-BF4B-00C04F79EFBC}") = "api", "api\api.csproj", "{425F342C-5770-4B9F-AC1A-E9432327E1C9}"
EndProject
Global
	GlobalSection(SolutionConfigurationPlatforms) = preSolution
		Debug|Any CPU = Debug|Any CPU
		Release|Any CPU = Release|Any CPU
	EndGlobalSection
	GlobalSection(ProjectConfigurationPlatforms) = postSolution
		{49758ED4-DBD3-43BC-9D7A-03F6A6E39C9F}.Debug|Any CPU.ActiveCfg = Debug|Any CPU
		{49758ED4-DBD3-43BC-9D7A-03F6A6E39C9F}.Debug|Any CPU.Build.0 = Debug|Any CPU
		{49758ED4-DBD3-43BC-9D7A-03F6A6E39C9F}.Release|Any CPU.ActiveCfg = Debug|Any CPU
		{49758ED4-DBD3-43BC-9D7A-03F6A6E39C9F}.Release|Any CPU.Build.0 = Debug|Any CPU
		{425F342C-5770-4B9F-AC1A-E9432327E1C9}.Debug|Any CPU.ActiveCfg = Debug|Any CPU
		{425F342C-5770-4B9F-AC1A-E9432327E1C9}.Debug|Any CPU.Build.0 = Debug|Any CPU
		{425F342C-5770-4B9F-AC1A-E9432327E1C9}.Release|Any CPU.ActiveCfg = Release|Any CPU
		{425F342C-5770-4B9F-AC1A-E9432327E1C9}.Release|Any CPU.Build.0 = Release|Any CPU
	EndGlobalSection
	GlobalSection(SolutionProperties) = preSolution
		HideSolutionNode = FALSE
	EndGlobalSection
	GlobalSection(ExtensibilityGlobals) = postSolution
		SolutionGuid = {02B4DF10-DEE7-4D3D-9C04-E5FD016DE02B}
	EndGlobalSection
EndGlobal
